
Microsoft Visual Studio Solution File, Format Version 12.00
# Visual Studio Version 17
VisualStudioVersion = 17.7.34202.233
MinimumVisualStudioVersion = 10.0.40219.1
Project("{9A19103F-16F7-4668-BE54-9A1E7A4F7556}") = "hello_world_api_ui", "hello_world_api_ui\hello_world_api_ui.csproj", "{2A9352D5-80FD-43A4-AC50-95A74A425895}"
EndProject
Project("{9A19103F-16F7-4668-BE54-9A1E7A4F7556}") = "HelloWebAPI", "HelloWebAPI\HelloWebAPI.csproj", "{1F720365-0C1A-465A-972D-1AD0C4589654}"
EndProject
Project("{9A19103F-16F7-4668-BE54-9A1E7A4F7556}") = "ProductApp", "ProductApp\ProductApp.csproj", "{FFCB0686-40AE-42FA-B714-86E54EFE3A36}"
EndProject
Project("{FAE04EC0-301F-11D3-BF4B-00C04F79EFBC}") = "BookDemo", "BookDemo\BookDemo.csproj", "{834749F6-B3CA-4C4F-BDE6-8035FBC56044}"
EndProject
Global
	GlobalSection(SolutionConfigurationPlatforms) = preSolution
		Debug|Any CPU = Debug|Any CPU
		Release|Any CPU = Release|Any CPU
	EndGlobalSection
	GlobalSection(ProjectConfigurationPlatforms) = postSolution
		{2A9352D5-80FD-43A4-AC50-95A74A425895}.Debug|Any CPU.ActiveCfg = Debug|Any CPU
		{2A9352D5-80FD-43A4-AC50-95A74A425895}.Debug|Any CPU.Build.0 = Debug|Any CPU
		{2A9352D5-80FD-43A4-AC50-95A74A425895}.Release|Any CPU.ActiveCfg = Release|Any CPU
		{2A9352D5-80FD-43A4-AC50-95A74A425895}.Release|Any CPU.Build.0 = Release|Any CPU
		{1F720365-0C1A-465A-972D-1AD0C4589654}.Debug|Any CPU.ActiveCfg = Debug|Any CPU
		{1F720365-0C1A-465A-972D-1AD0C4589654}.Debug|Any CPU.Build.0 = Debug|Any CPU
		{1F720365-0C1A-465A-972D-1AD0C4589654}.Release|Any CPU.ActiveCfg = Release|Any CPU
		{1F720365-0C1A-465A-972D-1AD0C4589654}.Release|Any CPU.Build.0 = Release|Any CPU
		{FFCB0686-40AE-42FA-B714-86E54EFE3A36}.Debug|Any CPU.ActiveCfg = Debug|Any CPU
		{FFCB0686-40AE-42FA-B714-86E54EFE3A36}.Debug|Any CPU.Build.0 = Debug|Any CPU
		{FFCB0686-40AE-42FA-B714-86E54EFE3A36}.Release|Any CPU.ActiveCfg = Release|Any CPU
		{FFCB0686-40AE-42FA-B714-86E54EFE3A36}.Release|Any CPU.Build.0 = Release|Any CPU
		{834749F6-B3CA-4C4F-BDE6-8035FBC56044}.Debug|Any CPU.ActiveCfg = Debug|Any CPU
		{834749F6-B3CA-4C4F-BDE6-8035FBC56044}.Debug|Any CPU.Build.0 = Debug|Any CPU
		{834749F6-B3CA-4C4F-BDE6-8035FBC56044}.Release|Any CPU.ActiveCfg = Release|Any CPU
		{834749F6-B3CA-4C4F-BDE6-8035FBC56044}.Release|Any CPU.Build.0 = Release|Any CPU
	EndGlobalSection
	GlobalSection(SolutionProperties) = preSolution
		HideSolutionNode = FALSE
	EndGlobalSection
	GlobalSection(ExtensibilityGlobals) = postSolution
		SolutionGuid = {E8FC9C1C-75B7-419F-87DA-A166B62A171C}
	EndGlobalSection
EndGlobal
